// !$*UTF8*$!
{
	archiveVersion = 1;
	classes = {
	};
	objectVersion = 50;
	objects = {

/* Begin PBXBuildFile section */
		5180AE8922150C26001D3199 /* AppDelegate.swift in Sources */ = {isa = PBXBuildFile; fileRef = 5180AE8822150C26001D3199 /* AppDelegate.swift */; };
		5180AE8B22150C26001D3199 /* ViewController.swift in Sources */ = {isa = PBXBuildFile; fileRef = 5180AE8A22150C26001D3199 /* ViewController.swift */; };
		5180AE8E22150C26001D3199 /* Main.storyboard in Resources */ = {isa = PBXBuildFile; fileRef = 5180AE8C22150C26001D3199 /* Main.storyboard */; };
		5180AE9022150C27001D3199 /* Assets.xcassets in Resources */ = {isa = PBXBuildFile; fileRef = 5180AE8F22150C27001D3199 /* Assets.xcassets */; };
		5180AE9322150C27001D3199 /* LaunchScreen.storyboard in Resources */ = {isa = PBXBuildFile; fileRef = 5180AE9122150C27001D3199 /* LaunchScreen.storyboard */; };
		5180AE9E22150C27001D3199 /* UberPoolTests.swift in Sources */ = {isa = PBXBuildFile; fileRef = 5180AE9D22150C27001D3199 /* UberPoolTests.swift */; };
		8EE390C122166F75003967FE /* Constants.swift in Sources */ = {isa = PBXBuildFile; fileRef = 8EE390C022166F75003967FE /* Constants.swift */; };
		8EE390C522167B46003967FE /* UBGoogleAPIHandler.swift in Sources */ = {isa = PBXBuildFile; fileRef = 8EE390C422167B46003967FE /* UBGoogleAPIHandler.swift */; };
		8EE390C722167B64003967FE /* UBGMSMapView.swift in Sources */ = {isa = PBXBuildFile; fileRef = 8EE390C622167B64003967FE /* UBGMSMapView.swift */; };
		D74D1B98945F0FF1356F92A9 /* Pods_UberPool.framework in Frameworks */ = {isa = PBXBuildFile; fileRef = A14B4CE0C80B69C87D080F92 /* Pods_UberPool.framework */; };
		FF639DB90735F8EC675FE301 /* Pods_UberPoolTests.framework in Frameworks */ = {isa = PBXBuildFile; fileRef = B1B532A8F925C7688F0D5F96 /* Pods_UberPoolTests.framework */; };
/* End PBXBuildFile section */

/* Begin PBXContainerItemProxy section */
		5180AE9A22150C27001D3199 /* PBXContainerItemProxy */ = {
			isa = PBXContainerItemProxy;
			containerPortal = 5180AE7D22150C26001D3199 /* Project object */;
			proxyType = 1;
			remoteGlobalIDString = 5180AE8422150C26001D3199;
			remoteInfo = UberPool;
		};
/* End PBXContainerItemProxy section */

/* Begin PBXFileReference section */
		5180AE8522150C26001D3199 /* UberPool.app */ = {isa = PBXFileReference; explicitFileType = wrapper.application; includeInIndex = 0; path = UberPool.app; sourceTree = BUILT_PRODUCTS_DIR; };
		5180AE8822150C26001D3199 /* AppDelegate.swift */ = {isa = PBXFileReference; lastKnownFileType = sourcecode.swift; path = AppDelegate.swift; sourceTree = "<group>"; };
		5180AE8A22150C26001D3199 /* ViewController.swift */ = {isa = PBXFileReference; lastKnownFileType = sourcecode.swift; path = ViewController.swift; sourceTree = "<group>"; };
		5180AE8D22150C26001D3199 /* Base */ = {isa = PBXFileReference; lastKnownFileType = file.storyboard; name = Base; path = Base.lproj/Main.storyboard; sourceTree = "<group>"; };
		5180AE8F22150C27001D3199 /* Assets.xcassets */ = {isa = PBXFileReference; lastKnownFileType = folder.assetcatalog; path = Assets.xcassets; sourceTree = "<group>"; };
		5180AE9222150C27001D3199 /* Base */ = {isa = PBXFileReference; lastKnownFileType = file.storyboard; name = Base; path = Base.lproj/LaunchScreen.storyboard; sourceTree = "<group>"; };
		5180AE9422150C27001D3199 /* Info.plist */ = {isa = PBXFileReference; lastKnownFileType = text.plist.xml; path = Info.plist; sourceTree = "<group>"; };
		5180AE9922150C27001D3199 /* UberPoolTests.xctest */ = {isa = PBXFileReference; explicitFileType = wrapper.cfbundle; includeInIndex = 0; path = UberPoolTests.xctest; sourceTree = BUILT_PRODUCTS_DIR; };
		5180AE9D22150C27001D3199 /* UberPoolTests.swift */ = {isa = PBXFileReference; lastKnownFileType = sourcecode.swift; path = UberPoolTests.swift; sourceTree = "<group>"; };
		5180AE9F22150C27001D3199 /* Info.plist */ = {isa = PBXFileReference; lastKnownFileType = text.plist.xml; path = Info.plist; sourceTree = "<group>"; };
		6DAD77472D3EBBA40BE80991 /* Pods-UberPool.debug.xcconfig */ = {isa = PBXFileReference; includeInIndex = 1; lastKnownFileType = text.xcconfig; name = "Pods-UberPool.debug.xcconfig"; path = "Pods/Target Support Files/Pods-UberPool/Pods-UberPool.debug.xcconfig"; sourceTree = "<group>"; };
		7B9DAE30B63DC7B49299691C /* Pods-UberPool.release.xcconfig */ = {isa = PBXFileReference; includeInIndex = 1; lastKnownFileType = text.xcconfig; name = "Pods-UberPool.release.xcconfig"; path = "Pods/Target Support Files/Pods-UberPool/Pods-UberPool.release.xcconfig"; sourceTree = "<group>"; };
		7EC4652FA5FB6E119F25EAFD /* Pods-UberPoolTests.release.xcconfig */ = {isa = PBXFileReference; includeInIndex = 1; lastKnownFileType = text.xcconfig; name = "Pods-UberPoolTests.release.xcconfig"; path = "Pods/Target Support Files/Pods-UberPoolTests/Pods-UberPoolTests.release.xcconfig"; sourceTree = "<group>"; };
		8EE390C022166F75003967FE /* Constants.swift */ = {isa = PBXFileReference; lastKnownFileType = sourcecode.swift; path = Constants.swift; sourceTree = "<group>"; };
		8EE390C422167B46003967FE /* UBGoogleAPIHandler.swift */ = {isa = PBXFileReference; lastKnownFileType = sourcecode.swift; path = UBGoogleAPIHandler.swift; sourceTree = "<group>"; };
		8EE390C622167B64003967FE /* UBGMSMapView.swift */ = {isa = PBXFileReference; lastKnownFileType = sourcecode.swift; path = UBGMSMapView.swift; sourceTree = "<group>"; };
		A14B4CE0C80B69C87D080F92 /* Pods_UberPool.framework */ = {isa = PBXFileReference; explicitFileType = wrapper.framework; includeInIndex = 0; path = Pods_UberPool.framework; sourceTree = BUILT_PRODUCTS_DIR; };
		A5E0C4055044B16300B68EE4 /* Pods-UberPoolTests.debug.xcconfig */ = {isa = PBXFileReference; includeInIndex = 1; lastKnownFileType = text.xcconfig; name = "Pods-UberPoolTests.debug.xcconfig"; path = "Pods/Target Support Files/Pods-UberPoolTests/Pods-UberPoolTests.debug.xcconfig"; sourceTree = "<group>"; };
		B1B532A8F925C7688F0D5F96 /* Pods_UberPoolTests.framework */ = {isa = PBXFileReference; explicitFileType = wrapper.framework; includeInIndex = 0; path = Pods_UberPoolTests.framework; sourceTree = BUILT_PRODUCTS_DIR; };
/* End PBXFileReference section */

/* Begin PBXFrameworksBuildPhase section */
		5180AE8222150C26001D3199 /* Frameworks */ = {
			isa = PBXFrameworksBuildPhase;
			buildActionMask = 2147483647;
			files = (
				D74D1B98945F0FF1356F92A9 /* Pods_UberPool.framework in Frameworks */,
			);
			runOnlyForDeploymentPostprocessing = 0;
		};
		5180AE9622150C27001D3199 /* Frameworks */ = {
			isa = PBXFrameworksBuildPhase;
			buildActionMask = 2147483647;
			files = (
				FF639DB90735F8EC675FE301 /* Pods_UberPoolTests.framework in Frameworks */,
			);
			runOnlyForDeploymentPostprocessing = 0;
		};
/* End PBXFrameworksBuildPhase section */

/* Begin PBXGroup section */
		08AAB1CDF73A6842EF6CDB48 /* Frameworks */ = {
			isa = PBXGroup;
			children = (
				A14B4CE0C80B69C87D080F92 /* Pods_UberPool.framework */,
				B1B532A8F925C7688F0D5F96 /* Pods_UberPoolTests.framework */,
			);
			name = Frameworks;
			sourceTree = "<group>";
		};
		489DD6E2F082E3531F9C9D82 /* Pods */ = {
			isa = PBXGroup;
			children = (
				6DAD77472D3EBBA40BE80991 /* Pods-UberPool.debug.xcconfig */,
				7B9DAE30B63DC7B49299691C /* Pods-UberPool.release.xcconfig */,
				A5E0C4055044B16300B68EE4 /* Pods-UberPoolTests.debug.xcconfig */,
				7EC4652FA5FB6E119F25EAFD /* Pods-UberPoolTests.release.xcconfig */,
			);
			name = Pods;
			sourceTree = "<group>";
		};
		5180AE7C22150C26001D3199 = {
			isa = PBXGroup;
			children = (
				5180AE8722150C26001D3199 /* UberPool */,
				5180AE9C22150C27001D3199 /* UberPoolTests */,
				5180AE8622150C26001D3199 /* Products */,
				489DD6E2F082E3531F9C9D82 /* Pods */,
				08AAB1CDF73A6842EF6CDB48 /* Frameworks */,
			);
			sourceTree = "<group>";
		};
		5180AE8622150C26001D3199 /* Products */ = {
			isa = PBXGroup;
			children = (
				5180AE8522150C26001D3199 /* UberPool.app */,
				5180AE9922150C27001D3199 /* UberPoolTests.xctest */,
			);
			name = Products;
			sourceTree = "<group>";
		};
		5180AE8722150C26001D3199 /* UberPool */ = {
			isa = PBXGroup;
			children = (
				5180AE8822150C26001D3199 /* AppDelegate.swift */,
				8EE390C022166F75003967FE /* Constants.swift */,
				5180AE8A22150C26001D3199 /* ViewController.swift */,
				8EE390C622167B64003967FE /* UBGMSMapView.swift */,
				8EE390C422167B46003967FE /* UBGoogleAPIHandler.swift */,
				5180AE8C22150C26001D3199 /* Main.storyboard */,
				5180AE8F22150C27001D3199 /* Assets.xcassets */,
				5180AE9122150C27001D3199 /* LaunchScreen.storyboard */,
				5180AE9422150C27001D3199 /* Info.plist */,
			);
			path = UberPool;
			sourceTree = "<group>";
		};
		5180AE9C22150C27001D3199 /* UberPoolTests */ = {
			isa = PBXGroup;
			children = (
				5180AE9D22150C27001D3199 /* UberPoolTests.swift */,
				5180AE9F22150C27001D3199 /* Info.plist */,
			);
			path = UberPoolTests;
			sourceTree = "<group>";
		};
/* End PBXGroup section */

/* Begin PBXNativeTarget section */
		5180AE8422150C26001D3199 /* UberPool */ = {
			isa = PBXNativeTarget;
			buildConfigurationList = 5180AEA222150C27001D3199 /* Build configuration list for PBXNativeTarget "UberPool" */;
			buildPhases = (
				409EC27E37F28817CD81157F /* [CP] Check Pods Manifest.lock */,
				5180AE8122150C26001D3199 /* Sources */,
				5180AE8222150C26001D3199 /* Frameworks */,
				5180AE8322150C26001D3199 /* Resources */,
				9363C06564CC26E30BDEAF34 /* [CP] Copy Pods Resources */,
				87A57D1774C84D877D4E5606 /* [CP] Embed Pods Frameworks */,
			);
			buildRules = (
			);
			dependencies = (
			);
			name = UberPool;
			productName = UberPool;
			productReference = 5180AE8522150C26001D3199 /* UberPool.app */;
			productType = "com.apple.product-type.application";
		};
		5180AE9822150C27001D3199 /* UberPoolTests */ = {
			isa = PBXNativeTarget;
			buildConfigurationList = 5180AEA522150C27001D3199 /* Build configuration list for PBXNativeTarget "UberPoolTests" */;
			buildPhases = (
				EEAD2801B2D96B3612BED8BC /* [CP] Check Pods Manifest.lock */,
				5180AE9522150C27001D3199 /* Sources */,
				5180AE9622150C27001D3199 /* Frameworks */,
				5180AE9722150C27001D3199 /* Resources */,
			);
			buildRules = (
			);
			dependencies = (
				5180AE9B22150C27001D3199 /* PBXTargetDependency */,
			);
			name = UberPoolTests;
			productName = UberPoolTests;
			productReference = 5180AE9922150C27001D3199 /* UberPoolTests.xctest */;
			productType = "com.apple.product-type.bundle.unit-test";
		};
/* End PBXNativeTarget section */

/* Begin PBXProject section */
		5180AE7D22150C26001D3199 /* Project object */ = {
			isa = PBXProject;
			attributes = {
				LastSwiftUpdateCheck = 1010;
				LastUpgradeCheck = 1010;
				ORGANIZATIONNAME = "Abhishek Shukla";
				TargetAttributes = {
					5180AE8422150C26001D3199 = {
						CreatedOnToolsVersion = 10.1;
					};
					5180AE9822150C27001D3199 = {
						CreatedOnToolsVersion = 10.1;
						TestTargetID = 5180AE8422150C26001D3199;
					};
				};
			};
			buildConfigurationList = 5180AE8022150C26001D3199 /* Build configuration list for PBXProject "UberPool" */;
			compatibilityVersion = "Xcode 9.3";
			developmentRegion = en;
			hasScannedForEncodings = 0;
			knownRegions = (
				en,
				Base,
			);
			mainGroup = 5180AE7C22150C26001D3199;
			productRefGroup = 5180AE8622150C26001D3199 /* Products */;
			projectDirPath = "";
			projectRoot = "";
			targets = (
				5180AE8422150C26001D3199 /* UberPool */,
				5180AE9822150C27001D3199 /* UberPoolTests */,
			);
		};
/* End PBXProject section */

/* Begin PBXResourcesBuildPhase section */
		5180AE8322150C26001D3199 /* Resources */ = {
			isa = PBXResourcesBuildPhase;
			buildActionMask = 2147483647;
			files = (
				5180AE9322150C27001D3199 /* LaunchScreen.storyboard in Resources */,
				5180AE9022150C27001D3199 /* Assets.xcassets in Resources */,
				5180AE8E22150C26001D3199 /* Main.storyboard in Resources */,
			);
			runOnlyForDeploymentPostprocessing = 0;
		};
		5180AE9722150C27001D3199 /* Resources */ = {
			isa = PBXResourcesBuildPhase;
			buildActionMask = 2147483647;
			files = (
			);
			runOnlyForDeploymentPostprocessing = 0;
		};
/* End PBXResourcesBuildPhase section */

/* Begin PBXShellScriptBuildPhase section */
		409EC27E37F28817CD81157F /* [CP] Check Pods Manifest.lock */ = {
			isa = PBXShellScriptBuildPhase;
			buildActionMask = 2147483647;
			files = (
			);
			inputFileListPaths = (
			);
			inputPaths = (
				"${PODS_PODFILE_DIR_PATH}/Podfile.lock",
				"${PODS_ROOT}/Manifest.lock",
			);
			name = "[CP] Check Pods Manifest.lock";
			outputFileListPaths = (
			);
			outputPaths = (
				"$(DERIVED_FILE_DIR)/Pods-UberPool-checkManifestLockResult.txt",
			);
			runOnlyForDeploymentPostprocessing = 0;
			shellPath = /bin/sh;
			shellScript = "diff \"${PODS_PODFILE_DIR_PATH}/Podfile.lock\" \"${PODS_ROOT}/Manifest.lock\" > /dev/null\nif [ $? != 0 ] ; then\n    # print error to STDERR\n    echo \"error: The sandbox is not in sync with the Podfile.lock. Run 'pod install' or update your CocoaPods installation.\" >&2\n    exit 1\nfi\n# This output is used by Xcode 'outputs' to avoid re-running this script phase.\necho \"SUCCESS\" > \"${SCRIPT_OUTPUT_FILE_0}\"\n";
			showEnvVarsInLog = 0;
		};
		87A57D1774C84D877D4E5606 /* [CP] Embed Pods Frameworks */ = {
			isa = PBXShellScriptBuildPhase;
			buildActionMask = 2147483647;
			files = (
			);
			inputFileListPaths = (
			);
			inputPaths = (
				"${SRCROOT}/Pods/Target Support Files/Pods-UberPool/Pods-UberPool-frameworks.sh",
				"${BUILT_PRODUCTS_DIR}/Alamofire/Alamofire.framework",
				"${BUILT_PRODUCTS_DIR}/GooglePlacesAPI/GooglePlacesAPI.framework",
				"${BUILT_PRODUCTS_DIR}/ObjectMapper/ObjectMapper.framework",
				"${BUILT_PRODUCTS_DIR}/SwiftyJSON/SwiftyJSON.framework",
			);
			name = "[CP] Embed Pods Frameworks";
			outputFileListPaths = (
			);
			outputPaths = (
				"${TARGET_BUILD_DIR}/${FRAMEWORKS_FOLDER_PATH}/Alamofire.framework",
				"${TARGET_BUILD_DIR}/${FRAMEWORKS_FOLDER_PATH}/GooglePlacesAPI.framework",
				"${TARGET_BUILD_DIR}/${FRAMEWORKS_FOLDER_PATH}/ObjectMapper.framework",
				"${TARGET_BUILD_DIR}/${FRAMEWORKS_FOLDER_PATH}/SwiftyJSON.framework",
			);
			runOnlyForDeploymentPostprocessing = 0;
			shellPath = /bin/sh;
			shellScript = "\"${SRCROOT}/Pods/Target Support Files/Pods-UberPool/Pods-UberPool-frameworks.sh\"\n";
			showEnvVarsInLog = 0;
		};
		9363C06564CC26E30BDEAF34 /* [CP] Copy Pods Resources */ = {
			isa = PBXShellScriptBuildPhase;
			buildActionMask = 2147483647;
			files = (
			);
			inputFileListPaths = (
			);
			inputPaths = (
				"${SRCROOT}/Pods/Target Support Files/Pods-UberPool/Pods-UberPool-resources.sh",
				"${PODS_ROOT}/GoogleMaps/Maps/Frameworks/GoogleMaps.framework/Resources/GoogleMaps.bundle",
				"${PODS_ROOT}/GooglePlaces/Frameworks/GooglePlaces.framework/Resources/GooglePlaces.bundle",
			);
			name = "[CP] Copy Pods Resources";
			outputFileListPaths = (
			);
			outputPaths = (
				"${TARGET_BUILD_DIR}/${UNLOCALIZED_RESOURCES_FOLDER_PATH}/GoogleMaps.bundle",
				"${TARGET_BUILD_DIR}/${UNLOCALIZED_RESOURCES_FOLDER_PATH}/GooglePlaces.bundle",
			);
			runOnlyForDeploymentPostprocessing = 0;
			shellPath = /bin/sh;
			shellScript = "\"${SRCROOT}/Pods/Target Support Files/Pods-UberPool/Pods-UberPool-resources.sh\"\n";
			showEnvVarsInLog = 0;
		};
		EEAD2801B2D96B3612BED8BC /* [CP] Check Pods Manifest.lock */ = {
			isa = PBXShellScriptBuildPhase;
			buildActionMask = 2147483647;
			files = (
			);
			inputFileListPaths = (
			);
			inputPaths = (
				"${PODS_PODFILE_DIR_PATH}/Podfile.lock",
				"${PODS_ROOT}/Manifest.lock",
			);
			name = "[CP] Check Pods Manifest.lock";
			outputFileListPaths = (
			);
			outputPaths = (
				"$(DERIVED_FILE_DIR)/Pods-UberPoolTests-checkManifestLockResult.txt",
			);
			runOnlyForDeploymentPostprocessing = 0;
			shellPath = /bin/sh;
			shellScript = "diff \"${PODS_PODFILE_DIR_PATH}/Podfile.lock\" \"${PODS_ROOT}/Manifest.lock\" > /dev/null\nif [ $? != 0 ] ; then\n    # print error to STDERR\n    echo \"error: The sandbox is not in sync with the Podfile.lock. Run 'pod install' or update your CocoaPods installation.\" >&2\n    exit 1\nfi\n# This output is used by Xcode 'outputs' to avoid re-running this script phase.\necho \"SUCCESS\" > \"${SCRIPT_OUTPUT_FILE_0}\"\n";
			showEnvVarsInLog = 0;
		};
/* End PBXShellScriptBuildPhase section */

/* Begin PBXSourcesBuildPhase section */
		5180AE8122150C26001D3199 /* Sources */ = {
			isa = PBXSourcesBuildPhase;
			buildActionMask = 2147483647;
			files = (
				5180AE8B22150C26001D3199 /* ViewController.swift in Sources */,
				5180AE8922150C26001D3199 /* AppDelegate.swift in Sources */,
				8EE390C122166F75003967FE /* Constants.swift in Sources */,
				8EE390C722167B64003967FE /* UBGMSMapView.swift in Sources */,
				8EE390C522167B46003967FE /* UBGoogleAPIHandler.swift in Sources */,
			);
			runOnlyForDeploymentPostprocessing = 0;
		};
		5180AE9522150C27001D3199 /* Sources */ = {
			isa = PBXSourcesBuildPhase;
			buildActionMask = 2147483647;
			files = (
				5180AE9E22150C27001D3199 /* UberPoolTests.swift in Sources */,
			);
			runOnlyForDeploymentPostprocessing = 0;
		};
/* End PBXSourcesBuildPhase section */

/* Begin PBXTargetDependency section */
		5180AE9B22150C27001D3199 /* PBXTargetDependency */ = {
			isa = PBXTargetDependency;
			target = 5180AE8422150C26001D3199 /* UberPool */;
			targetProxy = 5180AE9A22150C27001D3199 /* PBXContainerItemProxy */;
		};
/* End PBXTargetDependency section */

/* Begin PBXVariantGroup section */
		5180AE8C22150C26001D3199 /* Main.storyboard */ = {
			isa = PBXVariantGroup;
			children = (
				5180AE8D22150C26001D3199 /* Base */,
			);
			name = Main.storyboard;
			sourceTree = "<group>";
		};
		5180AE9122150C27001D3199 /* LaunchScreen.storyboard */ = {
			isa = PBXVariantGroup;
			children = (
				5180AE9222150C27001D3199 /* Base */,
			);
			name = LaunchScreen.storyboard;
			sourceTree = "<group>";
		};
/* End PBXVariantGroup section */

/* Begin XCBuildConfiguration section */
		5180AEA022150C27001D3199 /* Debug */ = {
			isa = XCBuildConfiguration;
			buildSettings = {
				ALWAYS_SEARCH_USER_PATHS = NO;
				CLANG_ANALYZER_NONNULL = YES;
				CLANG_ANALYZER_NUMBER_OBJECT_CONVERSION = YES_AGGRESSIVE;
				CLANG_CXX_LANGUAGE_STANDARD = "gnu++14";
				CLANG_CXX_LIBRARY = "libc++";
				CLANG_ENABLE_MODULES = YES;
				CLANG_ENABLE_OBJC_ARC = YES;
				CLANG_ENABLE_OBJC_WEAK = YES;
				CLANG_WARN_BLOCK_CAPTURE_AUTORELEASING = YES;
				CLANG_WARN_BOOL_CONVERSION = YES;
				CLANG_WARN_COMMA = YES;
				CLANG_WARN_CONSTANT_CONVERSION = YES;
				CLANG_WARN_DEPRECATED_OBJC_IMPLEMENTATIONS = YES;
				CLANG_WARN_DIRECT_OBJC_ISA_USAGE = YES_ERROR;
				CLANG_WARN_DOCUMENTATION_COMMENTS = YES;
				CLANG_WARN_EMPTY_BODY = YES;
				CLANG_WARN_ENUM_CONVERSION = YES;
				CLANG_WARN_INFINITE_RECURSION = YES;
				CLANG_WARN_INT_CONVERSION = YES;
				CLANG_WARN_NON_LITERAL_NULL_CONVERSION = YES;
				CLANG_WARN_OBJC_IMPLICIT_RETAIN_SELF = YES;
				CLANG_WARN_OBJC_LITERAL_CONVERSION = YES;
				CLANG_WARN_OBJC_ROOT_CLASS = YES_ERROR;
				CLANG_WARN_RANGE_LOOP_ANALYSIS = YES;
				CLANG_WARN_STRICT_PROTOTYPES = YES;
				CLANG_WARN_SUSPICIOUS_MOVE = YES;
				CLANG_WARN_UNGUARDED_AVAILABILITY = YES_AGGRESSIVE;
				CLANG_WARN_UNREACHABLE_CODE = YES;
				CLANG_WARN__DUPLICATE_METHOD_MATCH = YES;
				CODE_SIGN_IDENTITY = "iPhone Developer";
				COPY_PHASE_STRIP = NO;
				DEBUG_INFORMATION_FORMAT = dwarf;
				ENABLE_STRICT_OBJC_MSGSEND = YES;
				ENABLE_TESTABILITY = YES;
				GCC_C_LANGUAGE_STANDARD = gnu11;
				GCC_DYNAMIC_NO_PIC = NO;
				GCC_NO_COMMON_BLOCKS = YES;
				GCC_OPTIMIZATION_LEVEL = 0;
				GCC_PREPROCESSOR_DEFINITIONS = (
					"DEBUG=1",
					"$(inherited)",
				);
				GCC_WARN_64_TO_32_BIT_CONVERSION = YES;
				GCC_WARN_ABOUT_RETURN_TYPE = YES_ERROR;
				GCC_WARN_UNDECLARED_SELECTOR = YES;
				GCC_WARN_UNINITIALIZED_AUTOS = YES_AGGRESSIVE;
				GCC_WARN_UNUSED_FUNCTION = YES;
				GCC_WARN_UNUSED_VARIABLE = YES;
				IPHONEOS_DEPLOYMENT_TARGET = 12.1;
				MTL_ENABLE_DEBUG_INFO = INCLUDE_SOURCE;
				MTL_FAST_MATH = YES;
				ONLY_ACTIVE_ARCH = YES;
				SDKROOT = iphoneos;
				SWIFT_ACTIVE_COMPILATION_CONDITIONS = DEBUG;
				SWIFT_OPTIMIZATION_LEVEL = "-Onone";
			};
			name = Debug;
		};
		5180AEA122150C27001D3199 /* Release */ = {
			isa = XCBuildConfiguration;
			buildSettings = {
				ALWAYS_SEARCH_USER_PATHS = NO;
				CLANG_ANALYZER_NONNULL = YES;
				CLANG_ANALYZER_NUMBER_OBJECT_CONVERSION = YES_AGGRESSIVE;
				CLANG_CXX_LANGUAGE_STANDARD = "gnu++14";
				CLANG_CXX_LIBRARY = "libc++";
				CLANG_ENABLE_MODULES = YES;
				CLANG_ENABLE_OBJC_ARC = YES;
				CLANG_ENABLE_OBJC_WEAK = YES;
				CLANG_WARN_BLOCK_CAPTURE_AUTORELEASING = YES;
				CLANG_WARN_BOOL_CONVERSION = YES;
				CLANG_WARN_COMMA = YES;
				CLANG_WARN_CONSTANT_CONVERSION = YES;
				CLANG_WARN_DEPRECATED_OBJC_IMPLEMENTATIONS = YES;
				CLANG_WARN_DIRECT_OBJC_ISA_USAGE = YES_ERROR;
				CLANG_WARN_DOCUMENTATION_COMMENTS = YES;
				CLANG_WARN_EMPTY_BODY = YES;
				CLANG_WARN_ENUM_CONVERSION = YES;
				CLANG_WARN_INFINITE_RECURSION = YES;
				CLANG_WARN_INT_CONVERSION = YES;
				CLANG_WARN_NON_LITERAL_NULL_CONVERSION = YES;
				CLANG_WARN_OBJC_IMPLICIT_RETAIN_SELF = YES;
				CLANG_WARN_OBJC_LITERAL_CONVERSION = YES;
				CLANG_WARN_OBJC_ROOT_CLASS = YES_ERROR;
				CLANG_WARN_RANGE_LOOP_ANALYSIS = YES;
				CLANG_WARN_STRICT_PROTOTYPES = YES;
				CLANG_WARN_SUSPICIOUS_MOVE = YES;
				CLANG_WARN_UNGUARDED_AVAILABILITY = YES_AGGRESSIVE;
				CLANG_WARN_UNREACHABLE_CODE = YES;
				CLANG_WARN__DUPLICATE_METHOD_MATCH = YES;
				CODE_SIGN_IDENTITY = "iPhone Developer";
				COPY_PHASE_STRIP = NO;
				DEBUG_INFORMATION_FORMAT = "dwarf-with-dsym";
				ENABLE_NS_ASSERTIONS = NO;
				ENABLE_STRICT_OBJC_MSGSEND = YES;
				GCC_C_LANGUAGE_STANDARD = gnu11;
				GCC_NO_COMMON_BLOCKS = YES;
				GCC_WARN_64_TO_32_BIT_CONVERSION = YES;
				GCC_WARN_ABOUT_RETURN_TYPE = YES_ERROR;
				GCC_WARN_UNDECLARED_SELECTOR = YES;
				GCC_WARN_UNINITIALIZED_AUTOS = YES_AGGRESSIVE;
				GCC_WARN_UNUSED_FUNCTION = YES;
				GCC_WARN_UNUSED_VARIABLE = YES;
				IPHONEOS_DEPLOYMENT_TARGET = 12.1;
				MTL_ENABLE_DEBUG_INFO = NO;
				MTL_FAST_MATH = YES;
				SDKROOT = iphoneos;
				SWIFT_COMPILATION_MODE = wholemodule;
				SWIFT_OPTIMIZATION_LEVEL = "-O";
				VALIDATE_PRODUCT = YES;
			};
			name = Release;
		};
		5180AEA322150C27001D3199 /* Debug */ = {
			isa = XCBuildConfiguration;
			baseConfigurationReference = 6DAD77472D3EBBA40BE80991 /* Pods-UberPool.debug.xcconfig */;
			buildSettings = {
				ASSETCATALOG_COMPILER_APPICON_NAME = AppIcon;
				CODE_SIGN_STYLE = Automatic;
				DEVELOPMENT_TEAM = B8W6C29XUS;
				INFOPLIST_FILE = UberPool/Info.plist;
				LD_RUNPATH_SEARCH_PATHS = (
					"$(inherited)",
					"@executable_path/Frameworks",
				);
				PRODUCT_BUNDLE_IDENTIFIER = "com.comcast.home.Tech360-QA";
				PRODUCT_NAME = "$(TARGET_NAME)";
				SWIFT_VERSION = 4.2;
				TARGETED_DEVICE_FAMILY = "1,2";
			};
			name = Debug;
		};
		5180AEA422150C27001D3199 /* Release */ = {
			isa = XCBuildConfiguration;
			baseConfigurationReference = 7B9DAE30B63DC7B49299691C /* Pods-UberPool.release.xcconfig */;
			buildSettings = {
				ASSETCATALOG_COMPILER_APPICON_NAME = AppIcon;
				CODE_SIGN_STYLE = Automatic;
				DEVELOPMENT_TEAM = B8W6C29XUS;
				INFOPLIST_FILE = UberPool/Info.plist;
				LD_RUNPATH_SEARCH_PATHS = (
					"$(inherited)",
					"@executable_path/Frameworks",
				);
				PRODUCT_BUNDLE_IDENTIFIER = "com.comcast.home.Tech360-QA";
				PRODUCT_NAME = "$(TARGET_NAME)";
				SWIFT_VERSION = 4.2;
				TARGETED_DEVICE_FAMILY = "1,2";
			};
			name = Release;
		};
		5180AEA622150C27001D3199 /* Debug */ = {
			isa = XCBuildConfiguration;
			baseConfigurationReference = A5E0C4055044B16300B68EE4 /* Pods-UberPoolTests.debug.xcconfig */;
			buildSettings = {
				ALWAYS_EMBED_SWIFT_STANDARD_LIBRARIES = YES;
				BUNDLE_LOADER = "$(TEST_HOST)";
				CODE_SIGN_STYLE = Automatic;
				INFOPLIST_FILE = UberPoolTests/Info.plist;
				LD_RUNPATH_SEARCH_PATHS = (
					"$(inherited)",
					"@executable_path/Frameworks",
					"@loader_path/Frameworks",
				);
				PRODUCT_BUNDLE_IDENTIFIER = Self.UberPoolTests;
				PRODUCT_NAME = "$(TARGET_NAME)";
				SWIFT_VERSION = 4.2;
				TARGETED_DEVICE_FAMILY = "1,2";
				TEST_HOST = "$(BUILT_PRODUCTS_DIR)/UberPool.app/UberPool";
			};
			name = Debug;
		};
		5180AEA722150C27001D3199 /* Release */ = {
			isa = XCBuildConfiguration;
			baseConfigurationReference = 7EC4652FA5FB6E119F25EAFD /* Pods-UberPoolTests.release.xcconfig */;
			buildSettings = {
				ALWAYS_EMBED_SWIFT_STANDARD_LIBRARIES = YES;
				BUNDLE_LOADER = "$(TEST_HOST)";
				CODE_SIGN_STYLE = Automatic;
				INFOPLIST_FILE = UberPoolTests/Info.plist;
				LD_RUNPATH_SEARCH_PATHS = (
					"$(inherited)",
					"@executable_path/Frameworks",
					"@loader_path/Frameworks",
				);
				PRODUCT_BUNDLE_IDENTIFIER = Self.UberPoolTests;
				PRODUCT_NAME = "$(TARGET_NAME)";
				SWIFT_VERSION = 4.2;
				TARGETED_DEVICE_FAMILY = "1,2";
				TEST_HOST = "$(BUILT_PRODUCTS_DIR)/UberPool.app/UberPool";
			};
			name = Release;
		};
/* End XCBuildConfiguration section */

/* Begin XCConfigurationList section */
		5180AE8022150C26001D3199 /* Build configuration list for PBXProject "UberPool" */ = {
			isa = XCConfigurationList;
			buildConfigurations = (
				5180AEA022150C27001D3199 /* Debug */,
				5180AEA122150C27001D3199 /* Release */,
			);
			defaultConfigurationIsVisible = 0;
			defaultConfigurationName = Release;
		};
		5180AEA222150C27001D3199 /* Build configuration list for PBXNativeTarget "UberPool" */ = {
			isa = XCConfigurationList;
			buildConfigurations = (
				5180AEA322150C27001D3199 /* Debug */,
				5180AEA422150C27001D3199 /* Release */,
			);
			defaultConfigurationIsVisible = 0;
			defaultConfigurationName = Release;
		};
		5180AEA522150C27001D3199 /* Build configuration list for PBXNativeTarget "UberPoolTests" */ = {
			isa = XCConfigurationList;
			buildConfigurations = (
				5180AEA622150C27001D3199 /* Debug */,
				5180AEA722150C27001D3199 /* Release */,
			);
			defaultConfigurationIsVisible = 0;
			defaultConfigurationName = Release;
		};
/* End XCConfigurationList section */
	};
	rootObject = 5180AE7D22150C26001D3199 /* Project object */;
}
